// !$*UTF8*$!
{
	archiveVersion = 1;
	classes = {
	};
	objectVersion = 46;
	objects = {

/* Begin PBXBuildFile section */
		C3146F051B77507D00C850AD /* RegisterViewController.m in Sources */ = {isa = PBXBuildFile; fileRef = C3146F031B77507D00C850AD /* RegisterViewController.m */; };
		C3146F061B77507D00C850AD /* RegisterViewController.xib in Resources */ = {isa = PBXBuildFile; fileRef = C3146F041B77507D00C850AD /* RegisterViewController.xib */; };
		C3146F181B77587200C850AD /* 1-Splash.png in Resources */ = {isa = PBXBuildFile; fileRef = C3146F071B77587200C850AD /* 1-Splash.png */; };
		C3146F191B77587200C850AD /* 2-Login.png in Resources */ = {isa = PBXBuildFile; fileRef = C3146F081B77587200C850AD /* 2-Login.png */; };
		C3146F1A1B77587200C850AD /* 3-create-account.png in Resources */ = {isa = PBXBuildFile; fileRef = C3146F091B77587200C850AD /* 3-create-account.png */; };
		C3146F1B1B77587200C850AD /* 4-Forget-password.png in Resources */ = {isa = PBXBuildFile; fileRef = C3146F0A1B77587200C850AD /* 4-Forget-password.png */; };
		C3146F1C1B77587200C850AD /* 5-slide-1.png in Resources */ = {isa = PBXBuildFile; fileRef = C3146F0B1B77587200C850AD /* 5-slide-1.png */; };
		C3146F1D1B77587200C850AD /* 6-slide-2.png in Resources */ = {isa = PBXBuildFile; fileRef = C3146F0C1B77587200C850AD /* 6-slide-2.png */; };
		C3146F1E1B77587200C850AD /* 7-slide-3.png in Resources */ = {isa = PBXBuildFile; fileRef = C3146F0D1B77587200C850AD /* 7-slide-3.png */; };
		C3146F1F1B77587200C850AD /* 8-slide-4.png in Resources */ = {isa = PBXBuildFile; fileRef = C3146F0E1B77587200C850AD /* 8-slide-4.png */; };
		C3146F201B77587200C850AD /* 9-slide-5.png in Resources */ = {isa = PBXBuildFile; fileRef = C3146F0F1B77587200C850AD /* 9-slide-5.png */; };
		C3146F211B77587200C850AD /* 10-slide-6.png in Resources */ = {isa = PBXBuildFile; fileRef = C3146F101B77587200C850AD /* 10-slide-6.png */; };
		C3146F221B77587200C850AD /* 11-slide-7.png in Resources */ = {isa = PBXBuildFile; fileRef = C3146F111B77587200C850AD /* 11-slide-7.png */; };
		C3146F231B77587200C850AD /* 12-slide-8.png in Resources */ = {isa = PBXBuildFile; fileRef = C3146F121B77587200C850AD /* 12-slide-8.png */; };
		C3146F241B77587200C850AD /* 13-Slide-8-complete.png in Resources */ = {isa = PBXBuildFile; fileRef = C3146F131B77587200C850AD /* 13-Slide-8-complete.png */; };
		C3146F251B77587200C850AD /* 14-Slide-3-Missed-sign-in.png in Resources */ = {isa = PBXBuildFile; fileRef = C3146F141B77587200C850AD /* 14-Slide-3-Missed-sign-in.png */; };
		C3146F261B77587200C850AD /* 15-Slide-11-setup-and-reports.png in Resources */ = {isa = PBXBuildFile; fileRef = C3146F151B77587200C850AD /* 15-Slide-11-setup-and-reports.png */; };
		C3146F271B77587200C850AD /* 16-Slide-12-setup.png in Resources */ = {isa = PBXBuildFile; fileRef = C3146F161B77587200C850AD /* 16-Slide-12-setup.png */; };
		C3146F281B77587200C850AD /* 17-Slide-13-reports.png in Resources */ = {isa = PBXBuildFile; fileRef = C3146F171B77587200C850AD /* 17-Slide-13-reports.png */; };
		C3409C331B753CD30070FA83 /* LoginscreenViewController_ipad.xib in Resources */ = {isa = PBXBuildFile; fileRef = C3409C321B753CD30070FA83 /* LoginscreenViewController_ipad.xib */; };
		C388A6A51B9309A300BDF83E /* AVFoundation.framework in Frameworks */ = {isa = PBXBuildFile; fileRef = C388A6A41B9309A300BDF83E /* AVFoundation.framework */; };
		C3B1D3ED1B790EF600E41314 /* confirmationSignViewController.m in Sources */ = {isa = PBXBuildFile; fileRef = C3B1D3EB1B790EF600E41314 /* confirmationSignViewController.m */; };
		C3B1D3EE1B790EF600E41314 /* confirmationSignViewController.xib in Resources */ = {isa = PBXBuildFile; fileRef = C3B1D3EC1B790EF600E41314 /* confirmationSignViewController.xib */; };
		C3B1D3F31B7913DB00E41314 /* clientDetailViewController.m in Sources */ = {isa = PBXBuildFile; fileRef = C3B1D3F11B7913DB00E41314 /* clientDetailViewController.m */; };
		C3B1D3F41B7913DB00E41314 /* clientDetailViewController.xib in Resources */ = {isa = PBXBuildFile; fileRef = C3B1D3F21B7913DB00E41314 /* clientDetailViewController.xib */; };
		C3B1E41E1B779AFC007D5048 /* forgotPasswordViewController.m in Sources */ = {isa = PBXBuildFile; fileRef = C3B1E41C1B779AFC007D5048 /* forgotPasswordViewController.m */; };
		C3B1E41F1B779AFC007D5048 /* forgotPasswordViewController.xib in Resources */ = {isa = PBXBuildFile; fileRef = C3B1E41D1B779AFC007D5048 /* forgotPasswordViewController.xib */; };
		C3B1E4241B77A536007D5048 /* welcomeScreenViewController.m in Sources */ = {isa = PBXBuildFile; fileRef = C3B1E4221B77A536007D5048 /* welcomeScreenViewController.m */; };
		C3B1E4251B77A536007D5048 /* welcomeScreenViewController.xib in Resources */ = {isa = PBXBuildFile; fileRef = C3B1E4231B77A536007D5048 /* welcomeScreenViewController.xib */; };
		C3B278F01B91C36900F29F3C /* welcomeScreenViewController_ipad.xib in Resources */ = {isa = PBXBuildFile; fileRef = C3B278EF1B91C36900F29F3C /* welcomeScreenViewController_ipad.xib */; };
		C3B279021B91C88E00F29F3C /* 1-Splash_iPad.png in Resources */ = {isa = PBXBuildFile; fileRef = C3B278F11B91C88E00F29F3C /* 1-Splash_iPad.png */; };
		C3B279031B91C88E00F29F3C /* 2-Login_iPad.png in Resources */ = {isa = PBXBuildFile; fileRef = C3B278F21B91C88E00F29F3C /* 2-Login_iPad.png */; };
		C3B279041B91C88E00F29F3C /* 3-create-account_iPad.png in Resources */ = {isa = PBXBuildFile; fileRef = C3B278F31B91C88E00F29F3C /* 3-create-account_iPad.png */; };
		C3B279051B91C88E00F29F3C /* 4-Forget-password_iPad.png in Resources */ = {isa = PBXBuildFile; fileRef = C3B278F41B91C88E00F29F3C /* 4-Forget-password_iPad.png */; };
		C3B279061B91C88E00F29F3C /* 5-slide-1_iPad.png in Resources */ = {isa = PBXBuildFile; fileRef = C3B278F51B91C88E00F29F3C /* 5-slide-1_iPad.png */; };
		C3B279071B91C88E00F29F3C /* 6-slide-2._iPad.png in Resources */ = {isa = PBXBuildFile; fileRef = C3B278F61B91C88E00F29F3C /* 6-slide-2._iPad.png */; };
		C3B279081B91C88E00F29F3C /* 7-slide-3_iPad.png in Resources */ = {isa = PBXBuildFile; fileRef = C3B278F71B91C88E00F29F3C /* 7-slide-3_iPad.png */; };
		C3B279091B91C88E00F29F3C /* 8-slide-4_iPad.png in Resources */ = {isa = PBXBuildFile; fileRef = C3B278F81B91C88E00F29F3C /* 8-slide-4_iPad.png */; };
		C3B2790A1B91C88E00F29F3C /* 9-slide-5_iPad.png in Resources */ = {isa = PBXBuildFile; fileRef = C3B278F91B91C88E00F29F3C /* 9-slide-5_iPad.png */; };
		C3B2790B1B91C88E00F29F3C /* 10-slide-6_iPad.png in Resources */ = {isa = PBXBuildFile; fileRef = C3B278FA1B91C88E00F29F3C /* 10-slide-6_iPad.png */; };
		C3B2790C1B91C88E00F29F3C /* 11-slide-7_iPad.png in Resources */ = {isa = PBXBuildFile; fileRef = C3B278FB1B91C88E00F29F3C /* 11-slide-7_iPad.png */; };
		C3B2790D1B91C88E00F29F3C /* 12-slide-8_iPad.png in Resources */ = {isa = PBXBuildFile; fileRef = C3B278FC1B91C88E00F29F3C /* 12-slide-8_iPad.png */; };
		C3B2790E1B91C88E00F29F3C /* 13-Slide-8-complete_iPad.png in Resources */ = {isa = PBXBuildFile; fileRef = C3B278FD1B91C88E00F29F3C /* 13-Slide-8-complete_iPad.png */; };
		C3B2790F1B91C88E00F29F3C /* 14-Slide-3-Missed-sign-in_iPad.png in Resources */ = {isa = PBXBuildFile; fileRef = C3B278FE1B91C88E00F29F3C /* 14-Slide-3-Missed-sign-in_iPad.png */; };
		C3B279101B91C88E00F29F3C /* 15-Slide-11-setup-and-reports_iPad.png in Resources */ = {isa = PBXBuildFile; fileRef = C3B278FF1B91C88E00F29F3C /* 15-Slide-11-setup-and-reports_iPad.png */; };
		C3B279111B91C88E00F29F3C /* 16-Slide-12-setup_iPad.png in Resources */ = {isa = PBXBuildFile; fileRef = C3B279001B91C88E00F29F3C /* 16-Slide-12-setup_iPad.png */; };
		C3B279121B91C88E00F29F3C /* 17-Slide-13-reports_iPad.png in Resources */ = {isa = PBXBuildFile; fileRef = C3B279011B91C88E00F29F3C /* 17-Slide-13-reports_iPad.png */; };
		C3B279141B91CD5D00F29F3C /* confirmationSignViewController_ipad.xib in Resources */ = {isa = PBXBuildFile; fileRef = C3B279131B91CD5D00F29F3C /* confirmationSignViewController_ipad.xib */; };
		C3B279161B91D83C00F29F3C /* thankYouScreenViewController_ipad.xib in Resources */ = {isa = PBXBuildFile; fileRef = C3B279151B91D83C00F29F3C /* thankYouScreenViewController_ipad.xib */; };
		C3B279181B91DAC800F29F3C /* RegisterViewController_ipad.xib in Resources */ = {isa = PBXBuildFile; fileRef = C3B279171B91DAC800F29F3C /* RegisterViewController_ipad.xib */; };
		C3B2791A1B9206FA00F29F3C /* clientDetailViewController_iPad.xib in Resources */ = {isa = PBXBuildFile; fileRef = C3B279191B9206FA00F29F3C /* clientDetailViewController_iPad.xib */; };
		C3C40B1A1B73CB02006682E6 /* main.m in Sources */ = {isa = PBXBuildFile; fileRef = C3C40B191B73CB02006682E6 /* main.m */; };
		C3C40B1D1B73CB02006682E6 /* AppDelegate.m in Sources */ = {isa = PBXBuildFile; fileRef = C3C40B1C1B73CB02006682E6 /* AppDelegate.m */; };
		C3C40B201B73CB02006682E6 /* ViewController.m in Sources */ = {isa = PBXBuildFile; fileRef = C3C40B1F1B73CB02006682E6 /* ViewController.m */; };
		C3C40B231B73CB02006682E6 /* Main.storyboard in Resources */ = {isa = PBXBuildFile; fileRef = C3C40B211B73CB02006682E6 /* Main.storyboard */; };
		C3C40B251B73CB02006682E6 /* Images.xcassets in Resources */ = {isa = PBXBuildFile; fileRef = C3C40B241B73CB02006682E6 /* Images.xcassets */; };
		C3C40B281B73CB02006682E6 /* LaunchScreen.xib in Resources */ = {isa = PBXBuildFile; fileRef = C3C40B261B73CB02006682E6 /* LaunchScreen.xib */; };
		C3C40B341B73CB02006682E6 /* MicroHealthTests.m in Sources */ = {isa = PBXBuildFile; fileRef = C3C40B331B73CB02006682E6 /* MicroHealthTests.m */; };
		C3C40B401B73CB62006682E6 /* LoginscreenViewController.m in Sources */ = {isa = PBXBuildFile; fileRef = C3C40B3E1B73CB62006682E6 /* LoginscreenViewController.m */; };
		C3C40B411B73CB62006682E6 /* LoginscreenViewController.xib in Resources */ = {isa = PBXBuildFile; fileRef = C3C40B3F1B73CB62006682E6 /* LoginscreenViewController.xib */; };
		C3C4151B1B7BBECC00DCDACB /* thankYouScreenViewController.m in Sources */ = {isa = PBXBuildFile; fileRef = C3C415191B7BBECC00DCDACB /* thankYouScreenViewController.m */; };
		C3C4151C1B7BBECC00DCDACB /* thankYouScreenViewController.xib in Resources */ = {isa = PBXBuildFile; fileRef = C3C4151A1B7BBECC00DCDACB /* thankYouScreenViewController.xib */; };
		C3C415211B7BC86A00DCDACB /* lastSignOutViewController.m in Sources */ = {isa = PBXBuildFile; fileRef = C3C4151F1B7BC86A00DCDACB /* lastSignOutViewController.m */; };
		C3C415221B7BC86A00DCDACB /* lastSignOutViewController.xib in Resources */ = {isa = PBXBuildFile; fileRef = C3C415201B7BC86A00DCDACB /* lastSignOutViewController.xib */; };
		C3CEE0581B7F2F18008BADE9 /* UIKit.framework in Frameworks */ = {isa = PBXBuildFile; fileRef = C3CEE0571B7F2F18008BADE9 /* UIKit.framework */; };
		C3CEE05A1B7F2F28008BADE9 /* MessageUI.framework in Frameworks */ = {isa = PBXBuildFile; fileRef = C3CEE0591B7F2F28008BADE9 /* MessageUI.framework */; };
		C3CEE05D1B7F2F60008BADE9 /* FBSDKCoreKit.framework in Frameworks */ = {isa = PBXBuildFile; fileRef = C3CEE05B1B7F2F60008BADE9 /* FBSDKCoreKit.framework */; };
		C3CEE05E1B7F2F60008BADE9 /* FBSDKLoginKit.framework in Frameworks */ = {isa = PBXBuildFile; fileRef = C3CEE05C1B7F2F60008BADE9 /* FBSDKLoginKit.framework */; };
		C3CEE0601B7F4270008BADE9 /* AddressBook.framework in Frameworks */ = {isa = PBXBuildFile; fileRef = C3CEE05F1B7F4270008BADE9 /* AddressBook.framework */; };
		C3CEE0621B7F4289008BADE9 /* AssetsLibrary.framework in Frameworks */ = {isa = PBXBuildFile; fileRef = C3CEE0611B7F4289008BADE9 /* AssetsLibrary.framework */; };
		C3CEE0641B7F429B008BADE9 /* Foundation.framework in Frameworks */ = {isa = PBXBuildFile; fileRef = C3CEE0631B7F429B008BADE9 /* Foundation.framework */; };
		C3CEE0661B7F42B3008BADE9 /* CoreLocation.framework in Frameworks */ = {isa = PBXBuildFile; fileRef = C3CEE0651B7F42B3008BADE9 /* CoreLocation.framework */; };
		C3CEE0681B7F42C3008BADE9 /* CoreMotion.framework in Frameworks */ = {isa = PBXBuildFile; fileRef = C3CEE0671B7F42C3008BADE9 /* CoreMotion.framework */; };
		C3CEE06A1B7F42D6008BADE9 /* CoreGraphics.framework in Frameworks */ = {isa = PBXBuildFile; fileRef = C3CEE0691B7F42D6008BADE9 /* CoreGraphics.framework */; };
		C3CEE06C1B7F42EB008BADE9 /* CoreText.framework in Frameworks */ = {isa = PBXBuildFile; fileRef = C3CEE06B1B7F42EB008BADE9 /* CoreText.framework */; };
		C3CEE06E1B7F4300008BADE9 /* MediaPlayer.framework in Frameworks */ = {isa = PBXBuildFile; fileRef = C3CEE06D1B7F4300008BADE9 /* MediaPlayer.framework */; };
		C3CEE0701B7F4318008BADE9 /* Security.framework in Frameworks */ = {isa = PBXBuildFile; fileRef = C3CEE06F1B7F4318008BADE9 /* Security.framework */; };
		C3CEE0721B7F4328008BADE9 /* SystemConfiguration.framework in Frameworks */ = {isa = PBXBuildFile; fileRef = C3CEE0711B7F4328008BADE9 /* SystemConfiguration.framework */; };
		C3CEE0761B7F43B6008BADE9 /* GoogleOpenSource.framework in Frameworks */ = {isa = PBXBuildFile; fileRef = C3CEE0731B7F43B6008BADE9 /* GoogleOpenSource.framework */; };
		C3CEE0771B7F43B7008BADE9 /* GooglePlus.bundle in Resources */ = {isa = PBXBuildFile; fileRef = C3CEE0741B7F43B6008BADE9 /* GooglePlus.bundle */; };
		C3CEE0781B7F43B7008BADE9 /* GooglePlus.framework in Frameworks */ = {isa = PBXBuildFile; fileRef = C3CEE0751B7F43B6008BADE9 /* GooglePlus.framework */; };
		C3CF962A1B7A39B400268AFA /* RMDateSelectionViewController.m in Sources */ = {isa = PBXBuildFile; fileRef = C3CF96291B7A39B400268AFA /* RMDateSelectionViewController.m */; };
		C3CF962F1B7A47D900268AFA /* signatureScreenViewController.m in Sources */ = {isa = PBXBuildFile; fileRef = C3CF962D1B7A47D900268AFA /* signatureScreenViewController.m */; };
		C3CF96301B7A47D900268AFA /* signatureScreenViewController.xib in Resources */ = {isa = PBXBuildFile; fileRef = C3CF962E1B7A47D900268AFA /* signatureScreenViewController.xib */; };
		C3CF96351B7A4B9200268AFA /* sorryCatuterScreenViewController.m in Sources */ = {isa = PBXBuildFile; fileRef = C3CF96331B7A4B9200268AFA /* sorryCatuterScreenViewController.m */; };
		C3CF96361B7A4B9200268AFA /* sorryCatuterScreenViewController.xib in Resources */ = {isa = PBXBuildFile; fileRef = C3CF96341B7A4B9200268AFA /* sorryCatuterScreenViewController.xib */; };
		C3CF963B1B7A4D3C00268AFA /* sorryCaptureSignatureViewController.m in Sources */ = {isa = PBXBuildFile; fileRef = C3CF96391B7A4D3C00268AFA /* sorryCaptureSignatureViewController.m */; };
		C3CF963C1B7A4D3C00268AFA /* sorryCaptureSignatureViewController.xib in Resources */ = {isa = PBXBuildFile; fileRef = C3CF963A1B7A4D3C00268AFA /* sorryCaptureSignatureViewController.xib */; };
		C3FE213B1B7D09F8009499ED /* signProcessAfterLogOutViewController.m in Sources */ = {isa = PBXBuildFile; fileRef = C3FE21391B7D09F8009499ED /* signProcessAfterLogOutViewController.m */; };
		C3FE213C1B7D09F8009499ED /* signProcessAfterLogOutViewController.xib in Resources */ = {isa = PBXBuildFile; fileRef = C3FE213A1B7D09F8009499ED /* signProcessAfterLogOutViewController.xib */; };
		C3FE21411B7D0CDF009499ED /* usersCompanyAlertsViewController.m in Sources */ = {isa = PBXBuildFile; fileRef = C3FE213F1B7D0CDF009499ED /* usersCompanyAlertsViewController.m */; };
		C3FE21421B7D0CDF009499ED /* usersCompanyAlertsViewController.xib in Resources */ = {isa = PBXBuildFile; fileRef = C3FE21401B7D0CDF009499ED /* usersCompanyAlertsViewController.xib */; };
		C3FE21471B7D0ED8009499ED /* customCellUCATableViewCell.m in Sources */ = {isa = PBXBuildFile; fileRef = C3FE21451B7D0ED8009499ED /* customCellUCATableViewCell.m */; };
		C3FE21481B7D0ED8009499ED /* customCellUCATableViewCell.xib in Resources */ = {isa = PBXBuildFile; fileRef = C3FE21461B7D0ED8009499ED /* customCellUCATableViewCell.xib */; };
/* End PBXBuildFile section */

/* Begin PBXContainerItemProxy section */
		C3C40B2E1B73CB02006682E6 /* PBXContainerItemProxy */ = {
			isa = PBXContainerItemProxy;
			containerPortal = C3C40B0C1B73CB02006682E6 /* Project object */;
			proxyType = 1;
			remoteGlobalIDString = C3C40B131B73CB02006682E6;
			remoteInfo = MicroHealth;
		};
/* End PBXContainerItemProxy section */

/* Begin PBXFileReference section */
		C3146F021B77507D00C850AD /* RegisterViewController.h */ = {isa = PBXFileReference; fileEncoding = 4; lastKnownFileType = sourcecode.c.h; path = RegisterViewController.h; sourceTree = "<group>"; };
		C3146F031B77507D00C850AD /* RegisterViewController.m */ = {isa = PBXFileReference; fileEncoding = 4; lastKnownFileType = sourcecode.c.objc; path = RegisterViewController.m; sourceTree = "<group>"; };
		C3146F041B77507D00C850AD /* RegisterViewController.xib */ = {isa = PBXFileReference; fileEncoding = 4; lastKnownFileType = file.xib; path = RegisterViewController.xib; sourceTree = "<group>"; };
		C3146F071B77587200C850AD /* 1-Splash.png */ = {isa = PBXFileReference; lastKnownFileType = image.png; path = "1-Splash.png"; sourceTree = "<group>"; };
		C3146F081B77587200C850AD /* 2-Login.png */ = {isa = PBXFileReference; lastKnownFileType = image.png; path = "2-Login.png"; sourceTree = "<group>"; };
		C3146F091B77587200C850AD /* 3-create-account.png */ = {isa = PBXFileReference; lastKnownFileType = image.png; path = "3-create-account.png"; sourceTree = "<group>"; };
		C3146F0A1B77587200C850AD /* 4-Forget-password.png */ = {isa = PBXFileReference; lastKnownFileType = image.png; path = "4-Forget-password.png"; sourceTree = "<group>"; };
		C3146F0B1B77587200C850AD /* 5-slide-1.png */ = {isa = PBXFileReference; lastKnownFileType = image.png; path = "5-slide-1.png"; sourceTree = "<group>"; };
		C3146F0C1B77587200C850AD /* 6-slide-2.png */ = {isa = PBXFileReference; lastKnownFileType = image.png; path = "6-slide-2.png"; sourceTree = "<group>"; };
		C3146F0D1B77587200C850AD /* 7-slide-3.png */ = {isa = PBXFileReference; lastKnownFileType = image.png; path = "7-slide-3.png"; sourceTree = "<group>"; };
		C3146F0E1B77587200C850AD /* 8-slide-4.png */ = {isa = PBXFileReference; lastKnownFileType = image.png; path = "8-slide-4.png"; sourceTree = "<group>"; };
		C3146F0F1B77587200C850AD /* 9-slide-5.png */ = {isa = PBXFileReference; lastKnownFileType = image.png; path = "9-slide-5.png"; sourceTree = "<group>"; };
		C3146F101B77587200C850AD /* 10-slide-6.png */ = {isa = PBXFileReference; lastKnownFileType = image.png; path = "10-slide-6.png"; sourceTree = "<group>"; };
		C3146F111B77587200C850AD /* 11-slide-7.png */ = {isa = PBXFileReference; lastKnownFileType = image.png; path = "11-slide-7.png"; sourceTree = "<group>"; };
		C3146F121B77587200C850AD /* 12-slide-8.png */ = {isa = PBXFileReference; lastKnownFileType = image.png; path = "12-slide-8.png"; sourceTree = "<group>"; };
		C3146F131B77587200C850AD /* 13-Slide-8-complete.png */ = {isa = PBXFileReference; lastKnownFileType = image.png; path = "13-Slide-8-complete.png"; sourceTree = "<group>"; };
		C3146F141B77587200C850AD /* 14-Slide-3-Missed-sign-in.png */ = {isa = PBXFileReference; lastKnownFileType = image.png; path = "14-Slide-3-Missed-sign-in.png"; sourceTree = "<group>"; };
		C3146F151B77587200C850AD /* 15-Slide-11-setup-and-reports.png */ = {isa = PBXFileReference; lastKnownFileType = image.png; path = "15-Slide-11-setup-and-reports.png"; sourceTree = "<group>"; };
		C3146F161B77587200C850AD /* 16-Slide-12-setup.png */ = {isa = PBXFileReference; lastKnownFileType = image.png; path = "16-Slide-12-setup.png"; sourceTree = "<group>"; };
		C3146F171B77587200C850AD /* 17-Slide-13-reports.png */ = {isa = PBXFileReference; lastKnownFileType = image.png; path = "17-Slide-13-reports.png"; sourceTree = "<group>"; };
		C3409C321B753CD30070FA83 /* LoginscreenViewController_ipad.xib */ = {isa = PBXFileReference; fileEncoding = 4; lastKnownFileType = file.xib; path = LoginscreenViewController_ipad.xib; sourceTree = "<group>"; };
		C388A6A41B9309A300BDF83E /* AVFoundation.framework */ = {isa = PBXFileReference; lastKnownFileType = wrapper.framework; name = AVFoundation.framework; path = System/Library/Frameworks/AVFoundation.framework; sourceTree = SDKROOT; };
		C3B1D3EA1B790EF600E41314 /* confirmationSignViewController.h */ = {isa = PBXFileReference; fileEncoding = 4; lastKnownFileType = sourcecode.c.h; path = confirmationSignViewController.h; sourceTree = "<group>"; };
		C3B1D3EB1B790EF600E41314 /* confirmationSignViewController.m */ = {isa = PBXFileReference; fileEncoding = 4; lastKnownFileType = sourcecode.c.objc; path = confirmationSignViewController.m; sourceTree = "<group>"; };
		C3B1D3EC1B790EF600E41314 /* confirmationSignViewController.xib */ = {isa = PBXFileReference; fileEncoding = 4; lastKnownFileType = file.xib; path = confirmationSignViewController.xib; sourceTree = "<group>"; };
		C3B1D3F01B7913DB00E41314 /* clientDetailViewController.h */ = {isa = PBXFileReference; fileEncoding = 4; lastKnownFileType = sourcecode.c.h; path = clientDetailViewController.h; sourceTree = "<group>"; };
		C3B1D3F11B7913DB00E41314 /* clientDetailViewController.m */ = {isa = PBXFileReference; fileEncoding = 4; lastKnownFileType = sourcecode.c.objc; path = clientDetailViewController.m; sourceTree = "<group>"; };
		C3B1D3F21B7913DB00E41314 /* clientDetailViewController.xib */ = {isa = PBXFileReference; fileEncoding = 4; lastKnownFileType = file.xib; path = clientDetailViewController.xib; sourceTree = "<group>"; };
		C3B1E41B1B779AFC007D5048 /* forgotPasswordViewController.h */ = {isa = PBXFileReference; fileEncoding = 4; lastKnownFileType = sourcecode.c.h; path = forgotPasswordViewController.h; sourceTree = "<group>"; };
		C3B1E41C1B779AFC007D5048 /* forgotPasswordViewController.m */ = {isa = PBXFileReference; fileEncoding = 4; lastKnownFileType = sourcecode.c.objc; path = forgotPasswordViewController.m; sourceTree = "<group>"; };
		C3B1E41D1B779AFC007D5048 /* forgotPasswordViewController.xib */ = {isa = PBXFileReference; fileEncoding = 4; lastKnownFileType = file.xib; path = forgotPasswordViewController.xib; sourceTree = "<group>"; };
		C3B1E4211B77A536007D5048 /* welcomeScreenViewController.h */ = {isa = PBXFileReference; fileEncoding = 4; lastKnownFileType = sourcecode.c.h; path = welcomeScreenViewController.h; sourceTree = "<group>"; };
		C3B1E4221B77A536007D5048 /* welcomeScreenViewController.m */ = {isa = PBXFileReference; fileEncoding = 4; lastKnownFileType = sourcecode.c.objc; path = welcomeScreenViewController.m; sourceTree = "<group>"; };
		C3B1E4231B77A536007D5048 /* welcomeScreenViewController.xib */ = {isa = PBXFileReference; fileEncoding = 4; lastKnownFileType = file.xib; path = welcomeScreenViewController.xib; sourceTree = "<group>"; };
		C3B278EF1B91C36900F29F3C /* welcomeScreenViewController_ipad.xib */ = {isa = PBXFileReference; fileEncoding = 4; lastKnownFileType = file.xib; path = welcomeScreenViewController_ipad.xib; sourceTree = "<group>"; };
		C3B278F11B91C88E00F29F3C /* 1-Splash_iPad.png */ = {isa = PBXFileReference; lastKnownFileType = image.png; path = "1-Splash_iPad.png"; sourceTree = "<group>"; };
		C3B278F21B91C88E00F29F3C /* 2-Login_iPad.png */ = {isa = PBXFileReference; lastKnownFileType = image.png; path = "2-Login_iPad.png"; sourceTree = "<group>"; };
		C3B278F31B91C88E00F29F3C /* 3-create-account_iPad.png */ = {isa = PBXFileReference; lastKnownFileType = image.png; path = "3-create-account_iPad.png"; sourceTree = "<group>"; };
		C3B278F41B91C88E00F29F3C /* 4-Forget-password_iPad.png */ = {isa = PBXFileReference; lastKnownFileType = image.png; path = "4-Forget-password_iPad.png"; sourceTree = "<group>"; };
		C3B278F51B91C88E00F29F3C /* 5-slide-1_iPad.png */ = {isa = PBXFileReference; lastKnownFileType = image.png; path = "5-slide-1_iPad.png"; sourceTree = "<group>"; };
		C3B278F61B91C88E00F29F3C /* 6-slide-2._iPad.png */ = {isa = PBXFileReference; lastKnownFileType = image.png; path = "6-slide-2._iPad.png"; sourceTree = "<group>"; };
		C3B278F71B91C88E00F29F3C /* 7-slide-3_iPad.png */ = {isa = PBXFileReference; lastKnownFileType = image.png; path = "7-slide-3_iPad.png"; sourceTree = "<group>"; };
		C3B278F81B91C88E00F29F3C /* 8-slide-4_iPad.png */ = {isa = PBXFileReference; lastKnownFileType = image.png; path = "8-slide-4_iPad.png"; sourceTree = "<group>"; };
		C3B278F91B91C88E00F29F3C /* 9-slide-5_iPad.png */ = {isa = PBXFileReference; lastKnownFileType = image.png; path = "9-slide-5_iPad.png"; sourceTree = "<group>"; };
		C3B278FA1B91C88E00F29F3C /* 10-slide-6_iPad.png */ = {isa = PBXFileReference; lastKnownFileType = image.png; path = "10-slide-6_iPad.png"; sourceTree = "<group>"; };
		C3B278FB1B91C88E00F29F3C /* 11-slide-7_iPad.png */ = {isa = PBXFileReference; lastKnownFileType = image.png; path = "11-slide-7_iPad.png"; sourceTree = "<group>"; };
		C3B278FC1B91C88E00F29F3C /* 12-slide-8_iPad.png */ = {isa = PBXFileReference; lastKnownFileType = image.png; path = "12-slide-8_iPad.png"; sourceTree = "<group>"; };
		C3B278FD1B91C88E00F29F3C /* 13-Slide-8-complete_iPad.png */ = {isa = PBXFileReference; lastKnownFileType = image.png; path = "13-Slide-8-complete_iPad.png"; sourceTree = "<group>"; };
		C3B278FE1B91C88E00F29F3C /* 14-Slide-3-Missed-sign-in_iPad.png */ = {isa = PBXFileReference; lastKnownFileType = image.png; path = "14-Slide-3-Missed-sign-in_iPad.png"; sourceTree = "<group>"; };
		C3B278FF1B91C88E00F29F3C /* 15-Slide-11-setup-and-reports_iPad.png */ = {isa = PBXFileReference; lastKnownFileType = image.png; path = "15-Slide-11-setup-and-reports_iPad.png"; sourceTree = "<group>"; };
		C3B279001B91C88E00F29F3C /* 16-Slide-12-setup_iPad.png */ = {isa = PBXFileReference; lastKnownFileType = image.png; path = "16-Slide-12-setup_iPad.png"; sourceTree = "<group>"; };
		C3B279011B91C88E00F29F3C /* 17-Slide-13-reports_iPad.png */ = {isa = PBXFileReference; lastKnownFileType = image.png; path = "17-Slide-13-reports_iPad.png"; sourceTree = "<group>"; };
		C3B279131B91CD5D00F29F3C /* confirmationSignViewController_ipad.xib */ = {isa = PBXFileReference; fileEncoding = 4; lastKnownFileType = file.xib; path = confirmationSignViewController_ipad.xib; sourceTree = "<group>"; };
		C3B279151B91D83C00F29F3C /* thankYouScreenViewController_ipad.xib */ = {isa = PBXFileReference; fileEncoding = 4; lastKnownFileType = file.xib; path = thankYouScreenViewController_ipad.xib; sourceTree = "<group>"; };
		C3B279171B91DAC800F29F3C /* RegisterViewController_ipad.xib */ = {isa = PBXFileReference; fileEncoding = 4; lastKnownFileType = file.xib; path = RegisterViewController_ipad.xib; sourceTree = "<group>"; };
		C3B279191B9206FA00F29F3C /* clientDetailViewController_iPad.xib */ = {isa = PBXFileReference; fileEncoding = 4; lastKnownFileType = file.xib; path = clientDetailViewController_iPad.xib; sourceTree = "<group>"; };
		C3C40B141B73CB02006682E6 /* MicroHealth.app */ = {isa = PBXFileReference; explicitFileType = wrapper.application; includeInIndex = 0; path = MicroHealth.app; sourceTree = BUILT_PRODUCTS_DIR; };
		C3C40B181B73CB02006682E6 /* Info.plist */ = {isa = PBXFileReference; lastKnownFileType = text.plist.xml; path = Info.plist; sourceTree = "<group>"; };
		C3C40B191B73CB02006682E6 /* main.m */ = {isa = PBXFileReference; lastKnownFileType = sourcecode.c.objc; path = main.m; sourceTree = "<group>"; };
		C3C40B1B1B73CB02006682E6 /* AppDelegate.h */ = {isa = PBXFileReference; lastKnownFileType = sourcecode.c.h; path = AppDelegate.h; sourceTree = "<group>"; };
		C3C40B1C1B73CB02006682E6 /* AppDelegate.m */ = {isa = PBXFileReference; lastKnownFileType = sourcecode.c.objc; path = AppDelegate.m; sourceTree = "<group>"; };
		C3C40B1E1B73CB02006682E6 /* ViewController.h */ = {isa = PBXFileReference; lastKnownFileType = sourcecode.c.h; path = ViewController.h; sourceTree = "<group>"; };
		C3C40B1F1B73CB02006682E6 /* ViewController.m */ = {isa = PBXFileReference; lastKnownFileType = sourcecode.c.objc; path = ViewController.m; sourceTree = "<group>"; };
		C3C40B221B73CB02006682E6 /* Base */ = {isa = PBXFileReference; lastKnownFileType = file.storyboard; name = Base; path = Base.lproj/Main.storyboard; sourceTree = "<group>"; };
		C3C40B241B73CB02006682E6 /* Images.xcassets */ = {isa = PBXFileReference; lastKnownFileType = folder.assetcatalog; path = Images.xcassets; sourceTree = "<group>"; };
		C3C40B271B73CB02006682E6 /* Base */ = {isa = PBXFileReference; lastKnownFileType = file.xib; name = Base; path = Base.lproj/LaunchScreen.xib; sourceTree = "<group>"; };
		C3C40B2D1B73CB02006682E6 /* MicroHealthTests.xctest */ = {isa = PBXFileReference; explicitFileType = wrapper.cfbundle; includeInIndex = 0; path = MicroHealthTests.xctest; sourceTree = BUILT_PRODUCTS_DIR; };
		C3C40B321B73CB02006682E6 /* Info.plist */ = {isa = PBXFileReference; lastKnownFileType = text.plist.xml; path = Info.plist; sourceTree = "<group>"; };
		C3C40B331B73CB02006682E6 /* MicroHealthTests.m */ = {isa = PBXFileReference; lastKnownFileType = sourcecode.c.objc; path = MicroHealthTests.m; sourceTree = "<group>"; };
		C3C40B3D1B73CB62006682E6 /* LoginscreenViewController.h */ = {isa = PBXFileReference; fileEncoding = 4; lastKnownFileType = sourcecode.c.h; name = LoginscreenViewController.h; path = ../LoginscreenViewController.h; sourceTree = "<group>"; };
		C3C40B3E1B73CB62006682E6 /* LoginscreenViewController.m */ = {isa = PBXFileReference; fileEncoding = 4; lastKnownFileType = sourcecode.c.objc; name = LoginscreenViewController.m; path = ../LoginscreenViewController.m; sourceTree = "<group>"; };
		C3C40B3F1B73CB62006682E6 /* LoginscreenViewController.xib */ = {isa = PBXFileReference; fileEncoding = 4; lastKnownFileType = file.xib; name = LoginscreenViewController.xib; path = ../LoginscreenViewController.xib; sourceTree = "<group>"; };
		C3C40B431B73CC0D006682E6 /* MicroHealth.pch */ = {isa = PBXFileReference; fileEncoding = 4; lastKnownFileType = sourcecode.c.h; path = MicroHealth.pch; sourceTree = "<group>"; };
		C3C415181B7BBECC00DCDACB /* thankYouScreenViewController.h */ = {isa = PBXFileReference; fileEncoding = 4; lastKnownFileType = sourcecode.c.h; path = thankYouScreenViewController.h; sourceTree = "<group>"; };
		C3C415191B7BBECC00DCDACB /* thankYouScreenViewController.m */ = {isa = PBXFileReference; fileEncoding = 4; lastKnownFileType = sourcecode.c.objc; path = thankYouScreenViewController.m; sourceTree = "<group>"; };
		C3C4151A1B7BBECC00DCDACB /* thankYouScreenViewController.xib */ = {isa = PBXFileReference; fileEncoding = 4; lastKnownFileType = file.xib; path = thankYouScreenViewController.xib; sourceTree = "<group>"; };
		C3C4151E1B7BC86A00DCDACB /* lastSignOutViewController.h */ = {isa = PBXFileReference; fileEncoding = 4; lastKnownFileType = sourcecode.c.h; path = lastSignOutViewController.h; sourceTree = "<group>"; };
		C3C4151F1B7BC86A00DCDACB /* lastSignOutViewController.m */ = {isa = PBXFileReference; fileEncoding = 4; lastKnownFileType = sourcecode.c.objc; path = lastSignOutViewController.m; sourceTree = "<group>"; };
		C3C415201B7BC86A00DCDACB /* lastSignOutViewController.xib */ = {isa = PBXFileReference; fileEncoding = 4; lastKnownFileType = file.xib; path = lastSignOutViewController.xib; sourceTree = "<group>"; };
		C3CEE0571B7F2F18008BADE9 /* UIKit.framework */ = {isa = PBXFileReference; lastKnownFileType = wrapper.framework; name = UIKit.framework; path = System/Library/Frameworks/UIKit.framework; sourceTree = SDKROOT; };
		C3CEE0591B7F2F28008BADE9 /* MessageUI.framework */ = {isa = PBXFileReference; lastKnownFileType = wrapper.framework; name = MessageUI.framework; path = System/Library/Frameworks/MessageUI.framework; sourceTree = SDKROOT; };
		C3CEE05B1B7F2F60008BADE9 /* FBSDKCoreKit.framework */ = {isa = PBXFileReference; lastKnownFileType = wrapper.framework; name = FBSDKCoreKit.framework; path = "../../../FacebookSDKs-iOS-20150813/FBSDKCoreKit.framework"; sourceTree = "<group>"; };
		C3CEE05C1B7F2F60008BADE9 /* FBSDKLoginKit.framework */ = {isa = PBXFileReference; lastKnownFileType = wrapper.framework; name = FBSDKLoginKit.framework; path = "../../../FacebookSDKs-iOS-20150813/FBSDKLoginKit.framework"; sourceTree = "<group>"; };
		C3CEE05F1B7F4270008BADE9 /* AddressBook.framework */ = {isa = PBXFileReference; lastKnownFileType = wrapper.framework; name = AddressBook.framework; path = System/Library/Frameworks/AddressBook.framework; sourceTree = SDKROOT; };
		C3CEE0611B7F4289008BADE9 /* AssetsLibrary.framework */ = {isa = PBXFileReference; lastKnownFileType = wrapper.framework; name = AssetsLibrary.framework; path = System/Library/Frameworks/AssetsLibrary.framework; sourceTree = SDKROOT; };
		C3CEE0631B7F429B008BADE9 /* Foundation.framework */ = {isa = PBXFileReference; lastKnownFileType = wrapper.framework; name = Foundation.framework; path = System/Library/Frameworks/Foundation.framework; sourceTree = SDKROOT; };
		C3CEE0651B7F42B3008BADE9 /* CoreLocation.framework */ = {isa = PBXFileReference; lastKnownFileType = wrapper.framework; name = CoreLocation.framework; path = System/Library/Frameworks/CoreLocation.framework; sourceTree = SDKROOT; };
		C3CEE0671B7F42C3008BADE9 /* CoreMotion.framework */ = {isa = PBXFileReference; lastKnownFileType = wrapper.framework; name = CoreMotion.framework; path = System/Library/Frameworks/CoreMotion.framework; sourceTree = SDKROOT; };
		C3CEE0691B7F42D6008BADE9 /* CoreGraphics.framework */ = {isa = PBXFileReference; lastKnownFileType = wrapper.framework; name = CoreGraphics.framework; path = System/Library/Frameworks/CoreGraphics.framework; sourceTree = SDKROOT; };
		C3CEE06B1B7F42EB008BADE9 /* CoreText.framework */ = {isa = PBXFileReference; lastKnownFileType = wrapper.framework; name = CoreText.framework; path = System/Library/Frameworks/CoreText.framework; sourceTree = SDKROOT; };
		C3CEE06D1B7F4300008BADE9 /* MediaPlayer.framework */ = {isa = PBXFileReference; lastKnownFileType = wrapper.framework; name = MediaPlayer.framework; path = System/Library/Frameworks/MediaPlayer.framework; sourceTree = SDKROOT; };
		C3CEE06F1B7F4318008BADE9 /* Security.framework */ = {isa = PBXFileReference; lastKnownFileType = wrapper.framework; name = Security.framework; path = System/Library/Frameworks/Security.framework; sourceTree = SDKROOT; };
		C3CEE0711B7F4328008BADE9 /* SystemConfiguration.framework */ = {isa = PBXFileReference; lastKnownFileType = wrapper.framework; name = SystemConfiguration.framework; path = System/Library/Frameworks/SystemConfiguration.framework; sourceTree = SDKROOT; };
		C3CEE0731B7F43B6008BADE9 /* GoogleOpenSource.framework */ = {isa = PBXFileReference; lastKnownFileType = wrapper.framework; path = GoogleOpenSource.framework; sourceTree = "<group>"; };
		C3CEE0741B7F43B6008BADE9 /* GooglePlus.bundle */ = {isa = PBXFileReference; lastKnownFileType = "wrapper.plug-in"; path = GooglePlus.bundle; sourceTree = "<group>"; };
		C3CEE0751B7F43B6008BADE9 /* GooglePlus.framework */ = {isa = PBXFileReference; lastKnownFileType = wrapper.framework; path = GooglePlus.framework; sourceTree = "<group>"; };
		C3CF96281B7A39B400268AFA /* RMDateSelectionViewController.h */ = {isa = PBXFileReference; fileEncoding = 4; lastKnownFileType = sourcecode.c.h; path = RMDateSelectionViewController.h; sourceTree = "<group>"; };
		C3CF96291B7A39B400268AFA /* RMDateSelectionViewController.m */ = {isa = PBXFileReference; fileEncoding = 4; lastKnownFileType = sourcecode.c.objc; path = RMDateSelectionViewController.m; sourceTree = "<group>"; };
		C3CF962C1B7A47D900268AFA /* signatureScreenViewController.h */ = {isa = PBXFileReference; fileEncoding = 4; lastKnownFileType = sourcecode.c.h; path = signatureScreenViewController.h; sourceTree = "<group>"; };
		C3CF962D1B7A47D900268AFA /* signatureScreenViewController.m */ = {isa = PBXFileReference; fileEncoding = 4; lastKnownFileType = sourcecode.c.objc; path = signatureScreenViewController.m; sourceTree = "<group>"; };
		C3CF962E1B7A47D900268AFA /* signatureScreenViewController.xib */ = {isa = PBXFileReference; fileEncoding = 4; lastKnownFileType = file.xib; path = signatureScreenViewController.xib; sourceTree = "<group>"; };
		C3CF96321B7A4B9200268AFA /* sorryCatuterScreenViewController.h */ = {isa = PBXFileReference; fileEncoding = 4; lastKnownFileType = sourcecode.c.h; path = sorryCatuterScreenViewController.h; sourceTree = "<group>"; };
		C3CF96331B7A4B9200268AFA /* sorryCatuterScreenViewController.m */ = {isa = PBXFileReference; fileEncoding = 4; lastKnownFileType = sourcecode.c.objc; path = sorryCatuterScreenViewController.m; sourceTree = "<group>"; };
		C3CF96341B7A4B9200268AFA /* sorryCatuterScreenViewController.xib */ = {isa = PBXFileReference; fileEncoding = 4; lastKnownFileType = file.xib; path = sorryCatuterScreenViewController.xib; sourceTree = "<group>"; };
		C3CF96381B7A4D3C00268AFA /* sorryCaptureSignatureViewController.h */ = {isa = PBXFileReference; fileEncoding = 4; lastKnownFileType = sourcecode.c.h; path = sorryCaptureSignatureViewController.h; sourceTree = "<group>"; };
		C3CF96391B7A4D3C00268AFA /* sorryCaptureSignatureViewController.m */ = {isa = PBXFileReference; fileEncoding = 4; lastKnownFileType = sourcecode.c.objc; path = sorryCaptureSignatureViewController.m; sourceTree = "<group>"; };
		C3CF963A1B7A4D3C00268AFA /* sorryCaptureSignatureViewController.xib */ = {isa = PBXFileReference; fileEncoding = 4; lastKnownFileType = file.xib; path = sorryCaptureSignatureViewController.xib; sourceTree = "<group>"; };
		C3FE21381B7D09F8009499ED /* signProcessAfterLogOutViewController.h */ = {isa = PBXFileReference; fileEncoding = 4; lastKnownFileType = sourcecode.c.h; path = signProcessAfterLogOutViewController.h; sourceTree = "<group>"; };
		C3FE21391B7D09F8009499ED /* signProcessAfterLogOutViewController.m */ = {isa = PBXFileReference; fileEncoding = 4; lastKnownFileType = sourcecode.c.objc; path = signProcessAfterLogOutViewController.m; sourceTree = "<group>"; };
		C3FE213A1B7D09F8009499ED /* signProcessAfterLogOutViewController.xib */ = {isa = PBXFileReference; fileEncoding = 4; lastKnownFileType = file.xib; path = signProcessAfterLogOutViewController.xib; sourceTree = "<group>"; };
		C3FE213E1B7D0CDF009499ED /* usersCompanyAlertsViewController.h */ = {isa = PBXFileReference; fileEncoding = 4; lastKnownFileType = sourcecode.c.h; path = usersCompanyAlertsViewController.h; sourceTree = "<group>"; };
		C3FE213F1B7D0CDF009499ED /* usersCompanyAlertsViewController.m */ = {isa = PBXFileReference; fileEncoding = 4; lastKnownFileType = sourcecode.c.objc; path = usersCompanyAlertsViewController.m; sourceTree = "<group>"; };
		C3FE21401B7D0CDF009499ED /* usersCompanyAlertsViewController.xib */ = {isa = PBXFileReference; fileEncoding = 4; lastKnownFileType = file.xib; path = usersCompanyAlertsViewController.xib; sourceTree = "<group>"; };
		C3FE21441B7D0ED8009499ED /* customCellUCATableViewCell.h */ = {isa = PBXFileReference; fileEncoding = 4; lastKnownFileType = sourcecode.c.h; path = customCellUCATableViewCell.h; sourceTree = "<group>"; };
		C3FE21451B7D0ED8009499ED /* customCellUCATableViewCell.m */ = {isa = PBXFileReference; fileEncoding = 4; lastKnownFileType = sourcecode.c.objc; path = customCellUCATableViewCell.m; sourceTree = "<group>"; };
		C3FE21461B7D0ED8009499ED /* customCellUCATableViewCell.xib */ = {isa = PBXFileReference; fileEncoding = 4; lastKnownFileType = file.xib; path = customCellUCATableViewCell.xib; sourceTree = "<group>"; };
/* End PBXFileReference section */

/* Begin PBXFrameworksBuildPhase section */
		C3C40B111B73CB02006682E6 /* Frameworks */ = {
			isa = PBXFrameworksBuildPhase;
			buildActionMask = 2147483647;
			files = (
				C388A6A51B9309A300BDF83E /* AVFoundation.framework in Frameworks */,
				C3CEE0721B7F4328008BADE9 /* SystemConfiguration.framework in Frameworks */,
				C3CEE0781B7F43B7008BADE9 /* GooglePlus.framework in Frameworks */,
				C3CEE0701B7F4318008BADE9 /* Security.framework in Frameworks */,
				C3CEE06E1B7F4300008BADE9 /* MediaPlayer.framework in Frameworks */,
				C3CEE06C1B7F42EB008BADE9 /* CoreText.framework in Frameworks */,
				C3CEE06A1B7F42D6008BADE9 /* CoreGraphics.framework in Frameworks */,
				C3CEE0681B7F42C3008BADE9 /* CoreMotion.framework in Frameworks */,
				C3CEE0661B7F42B3008BADE9 /* CoreLocation.framework in Frameworks */,
				C3CEE0641B7F429B008BADE9 /* Foundation.framework in Frameworks */,
				C3CEE0621B7F4289008BADE9 /* AssetsLibrary.framework in Frameworks */,
				C3CEE0601B7F4270008BADE9 /* AddressBook.framework in Frameworks */,
				C3CEE0761B7F43B6008BADE9 /* GoogleOpenSource.framework in Frameworks */,
				C3CEE05D1B7F2F60008BADE9 /* FBSDKCoreKit.framework in Frameworks */,
				C3CEE05E1B7F2F60008BADE9 /* FBSDKLoginKit.framework in Frameworks */,
				C3CEE05A1B7F2F28008BADE9 /* MessageUI.framework in Frameworks */,
				C3CEE0581B7F2F18008BADE9 /* UIKit.framework in Frameworks */,
			);
			runOnlyForDeploymentPostprocessing = 0;
		};
		C3C40B2A1B73CB02006682E6 /* Frameworks */ = {
			isa = PBXFrameworksBuildPhase;
			buildActionMask = 2147483647;
			files = (
			);
			runOnlyForDeploymentPostprocessing = 0;
		};
/* End PBXFrameworksBuildPhase section */

/* Begin PBXGroup section */
		C3146F011B77505500C850AD /* RegisterScreen */ = {
			isa = PBXGroup;
			children = (
				C3146F021B77507D00C850AD /* RegisterViewController.h */,
				C3146F031B77507D00C850AD /* RegisterViewController.m */,
				C3146F041B77507D00C850AD /* RegisterViewController.xib */,
				C3B279171B91DAC800F29F3C /* RegisterViewController_ipad.xib */,
			);
			name = RegisterScreen;
			sourceTree = "<group>";
		};
		C3146F291B77587F00C850AD /* NewImages */ = {
			isa = PBXGroup;
			children = (
				C3146F071B77587200C850AD /* 1-Splash.png */,
				C3146F081B77587200C850AD /* 2-Login.png */,
				C3146F091B77587200C850AD /* 3-create-account.png */,
				C3146F0A1B77587200C850AD /* 4-Forget-password.png */,
				C3146F0B1B77587200C850AD /* 5-slide-1.png */,
				C3146F0C1B77587200C850AD /* 6-slide-2.png */,
				C3146F0D1B77587200C850AD /* 7-slide-3.png */,
				C3146F0E1B77587200C850AD /* 8-slide-4.png */,
				C3146F0F1B77587200C850AD /* 9-slide-5.png */,
				C3146F101B77587200C850AD /* 10-slide-6.png */,
				C3146F111B77587200C850AD /* 11-slide-7.png */,
				C3146F121B77587200C850AD /* 12-slide-8.png */,
				C3146F131B77587200C850AD /* 13-Slide-8-complete.png */,
				C3146F141B77587200C850AD /* 14-Slide-3-Missed-sign-in.png */,
				C3146F151B77587200C850AD /* 15-Slide-11-setup-and-reports.png */,
				C3146F161B77587200C850AD /* 16-Slide-12-setup.png */,
				C3146F171B77587200C850AD /* 17-Slide-13-reports.png */,
			);
			name = NewImages;
			sourceTree = "<group>";
		};
		C3B1D3E91B790EB700E41314 /* confirmationSignin */ = {
			isa = PBXGroup;
			children = (
				C3B1D3EA1B790EF600E41314 /* confirmationSignViewController.h */,
				C3B1D3EB1B790EF600E41314 /* confirmationSignViewController.m */,
				C3B1D3EC1B790EF600E41314 /* confirmationSignViewController.xib */,
				C3B279131B91CD5D00F29F3C /* confirmationSignViewController_ipad.xib */,
			);
			name = confirmationSignin;
			sourceTree = "<group>";
		};
		C3B1D3EF1B7913B300E41314 /* clientDetail */ = {
			isa = PBXGroup;
			children = (
				C3B1D3F01B7913DB00E41314 /* clientDetailViewController.h */,
				C3B1D3F11B7913DB00E41314 /* clientDetailViewController.m */,
				C3B1D3F21B7913DB00E41314 /* clientDetailViewController.xib */,
				C3B279191B9206FA00F29F3C /* clientDetailViewController_iPad.xib */,
			);
			name = clientDetail;
			sourceTree = "<group>";
		};
		C3B1E41A1B779AD7007D5048 /* ForgotPassword */ = {
			isa = PBXGroup;
			children = (
				C3B1E41B1B779AFC007D5048 /* forgotPasswordViewController.h */,
				C3B1E41C1B779AFC007D5048 /* forgotPasswordViewController.m */,
				C3B1E41D1B779AFC007D5048 /* forgotPasswordViewController.xib */,
			);
			name = ForgotPassword;
			sourceTree = "<group>";
		};
		C3B1E4201B77A511007D5048 /* welcomeScreen */ = {
			isa = PBXGroup;
			children = (
				C3B1E4211B77A536007D5048 /* welcomeScreenViewController.h */,
				C3B1E4221B77A536007D5048 /* welcomeScreenViewController.m */,
				C3B1E4231B77A536007D5048 /* welcomeScreenViewController.xib */,
				C3B278EF1B91C36900F29F3C /* welcomeScreenViewController_ipad.xib */,
			);
			name = welcomeScreen;
			sourceTree = "<group>";
		};
		C3B278EE1B91C20000F29F3C /* iPadImages */ = {
			isa = PBXGroup;
			children = (
				C3B278F11B91C88E00F29F3C /* 1-Splash_iPad.png */,
				C3B278F21B91C88E00F29F3C /* 2-Login_iPad.png */,
				C3B278F31B91C88E00F29F3C /* 3-create-account_iPad.png */,
				C3B278F41B91C88E00F29F3C /* 4-Forget-password_iPad.png */,
				C3B278F51B91C88E00F29F3C /* 5-slide-1_iPad.png */,
				C3B278F61B91C88E00F29F3C /* 6-slide-2._iPad.png */,
				C3B278F71B91C88E00F29F3C /* 7-slide-3_iPad.png */,
				C3B278F81B91C88E00F29F3C /* 8-slide-4_iPad.png */,
				C3B278F91B91C88E00F29F3C /* 9-slide-5_iPad.png */,
				C3B278FA1B91C88E00F29F3C /* 10-slide-6_iPad.png */,
				C3B278FB1B91C88E00F29F3C /* 11-slide-7_iPad.png */,
				C3B278FC1B91C88E00F29F3C /* 12-slide-8_iPad.png */,
				C3B278FD1B91C88E00F29F3C /* 13-Slide-8-complete_iPad.png */,
				C3B278FE1B91C88E00F29F3C /* 14-Slide-3-Missed-sign-in_iPad.png */,
				C3B278FF1B91C88E00F29F3C /* 15-Slide-11-setup-and-reports_iPad.png */,
				C3B279001B91C88E00F29F3C /* 16-Slide-12-setup_iPad.png */,
				C3B279011B91C88E00F29F3C /* 17-Slide-13-reports_iPad.png */,
			);
			name = iPadImages;
			sourceTree = "<group>";
		};
		C3C40B0B1B73CB02006682E6 = {
			isa = PBXGroup;
			children = (
				C388A6A41B9309A300BDF83E /* AVFoundation.framework */,
				C3B278EE1B91C20000F29F3C /* iPadImages */,
				C3CEE0731B7F43B6008BADE9 /* GoogleOpenSource.framework */,
				C3CEE0741B7F43B6008BADE9 /* GooglePlus.bundle */,
				C3CEE0751B7F43B6008BADE9 /* GooglePlus.framework */,
				C3CEE0711B7F4328008BADE9 /* SystemConfiguration.framework */,
				C3CEE06F1B7F4318008BADE9 /* Security.framework */,
				C3CEE06D1B7F4300008BADE9 /* MediaPlayer.framework */,
				C3CEE06B1B7F42EB008BADE9 /* CoreText.framework */,
				C3CEE0691B7F42D6008BADE9 /* CoreGraphics.framework */,
				C3CEE0671B7F42C3008BADE9 /* CoreMotion.framework */,
				C3CEE0651B7F42B3008BADE9 /* CoreLocation.framework */,
				C3CEE0631B7F429B008BADE9 /* Foundation.framework */,
				C3CEE0611B7F4289008BADE9 /* AssetsLibrary.framework */,
				C3CEE05F1B7F4270008BADE9 /* AddressBook.framework */,
				C3CEE05B1B7F2F60008BADE9 /* FBSDKCoreKit.framework */,
				C3CEE05C1B7F2F60008BADE9 /* FBSDKLoginKit.framework */,
				C3CEE0591B7F2F28008BADE9 /* MessageUI.framework */,
				C3CEE0571B7F2F18008BADE9 /* UIKit.framework */,
				C3146F291B77587F00C850AD /* NewImages */,
				C3C40B161B73CB02006682E6 /* MicroHealth */,
				C3C40B301B73CB02006682E6 /* MicroHealthTests */,
				C3C40B151B73CB02006682E6 /* Products */,
			);
			sourceTree = "<group>";
		};
		C3C40B151B73CB02006682E6 /* Products */ = {
			isa = PBXGroup;
			children = (
				C3C40B141B73CB02006682E6 /* MicroHealth.app */,
				C3C40B2D1B73CB02006682E6 /* MicroHealthTests.xctest */,
			);
			name = Products;
			sourceTree = "<group>";
		};
		C3C40B161B73CB02006682E6 /* MicroHealth */ = {
			isa = PBXGroup;
			children = (
				C3FE213D1B7D0CB5009499ED /* UsersCompanyAlert */,
				C3FE21371B7D09B3009499ED /* signProcessAfterLogOut */,
				C3C4151D1B7BC84800DCDACB /* LastSignOut */,
				C3C415171B7BBE9900DCDACB /* thankYouScreen */,
				C3CF96371B7A4D1400268AFA /* sorryCaptureSignature */,
				C3CF96311B7A4B6300268AFA /* SorryCaptureScreen */,
				C3CF962B1B7A47B500268AFA /* signatureScreen */,
				C3CF96271B7A399600268AFA /* customDatePicker */,
				C3B1D3EF1B7913B300E41314 /* clientDetail */,
				C3B1D3E91B790EB700E41314 /* confirmationSignin */,
				C3B1E4201B77A511007D5048 /* welcomeScreen */,
				C3B1E41A1B779AD7007D5048 /* ForgotPassword */,
				C3146F011B77505500C850AD /* RegisterScreen */,
				C3C40B421B73CB89006682E6 /* LoginScreen */,
				C3C40B1B1B73CB02006682E6 /* AppDelegate.h */,
				C3C40B1C1B73CB02006682E6 /* AppDelegate.m */,
				C3C40B1E1B73CB02006682E6 /* ViewController.h */,
				C3C40B1F1B73CB02006682E6 /* ViewController.m */,
				C3C40B211B73CB02006682E6 /* Main.storyboard */,
				C3C40B241B73CB02006682E6 /* Images.xcassets */,
				C3C40B261B73CB02006682E6 /* LaunchScreen.xib */,
				C3C40B171B73CB02006682E6 /* Supporting Files */,
			);
			path = MicroHealth;
			sourceTree = "<group>";
		};
		C3C40B171B73CB02006682E6 /* Supporting Files */ = {
			isa = PBXGroup;
			children = (
				C3C40B181B73CB02006682E6 /* Info.plist */,
				C3C40B191B73CB02006682E6 /* main.m */,
				C3C40B431B73CC0D006682E6 /* MicroHealth.pch */,
			);
			name = "Supporting Files";
			sourceTree = "<group>";
		};
		C3C40B301B73CB02006682E6 /* MicroHealthTests */ = {
			isa = PBXGroup;
			children = (
				C3C40B331B73CB02006682E6 /* MicroHealthTests.m */,
				C3C40B311B73CB02006682E6 /* Supporting Files */,
			);
			path = MicroHealthTests;
			sourceTree = "<group>";
		};
		C3C40B311B73CB02006682E6 /* Supporting Files */ = {
			isa = PBXGroup;
			children = (
				C3C40B321B73CB02006682E6 /* Info.plist */,
			);
			name = "Supporting Files";
			sourceTree = "<group>";
		};
		C3C40B421B73CB89006682E6 /* LoginScreen */ = {
			isa = PBXGroup;
			children = (
				C3C40B3D1B73CB62006682E6 /* LoginscreenViewController.h */,
				C3C40B3E1B73CB62006682E6 /* LoginscreenViewController.m */,
				C3C40B3F1B73CB62006682E6 /* LoginscreenViewController.xib */,
				C3409C321B753CD30070FA83 /* LoginscreenViewController_ipad.xib */,
			);
			name = LoginScreen;
			sourceTree = "<group>";
		};
		C3C415171B7BBE9900DCDACB /* thankYouScreen */ = {
			isa = PBXGroup;
			children = (
				C3C415181B7BBECC00DCDACB /* thankYouScreenViewController.h */,
				C3C415191B7BBECC00DCDACB /* thankYouScreenViewController.m */,
				C3C4151A1B7BBECC00DCDACB /* thankYouScreenViewController.xib */,
				C3B279151B91D83C00F29F3C /* thankYouScreenViewController_ipad.xib */,
			);
			name = thankYouScreen;
			sourceTree = "<group>";
		};
		C3C4151D1B7BC84800DCDACB /* LastSignOut */ = {
			isa = PBXGroup;
			children = (
				C3C4151E1B7BC86A00DCDACB /* lastSignOutViewController.h */,
				C3C4151F1B7BC86A00DCDACB /* lastSignOutViewController.m */,
				C3C415201B7BC86A00DCDACB /* lastSignOutViewController.xib */,
			);
			name = LastSignOut;
			sourceTree = "<group>";
		};
		C3CF96271B7A399600268AFA /* customDatePicker */ = {
			isa = PBXGroup;
			children = (
				C3CF96281B7A39B400268AFA /* RMDateSelectionViewController.h */,
				C3CF96291B7A39B400268AFA /* RMDateSelectionViewController.m */,
			);
			name = customDatePicker;
			sourceTree = "<group>";
		};
		C3CF962B1B7A47B500268AFA /* signatureScreen */ = {
			isa = PBXGroup;
			children = (
				C3CF962C1B7A47D900268AFA /* signatureScreenViewController.h */,
				C3CF962D1B7A47D900268AFA /* signatureScreenViewController.m */,
				C3CF962E1B7A47D900268AFA /* signatureScreenViewController.xib */,
			);
			name = signatureScreen;
			sourceTree = "<group>";
		};
		C3CF96311B7A4B6300268AFA /* SorryCaptureScreen */ = {
			isa = PBXGroup;
			children = (
				C3CF96321B7A4B9200268AFA /* sorryCatuterScreenViewController.h */,
				C3CF96331B7A4B9200268AFA /* sorryCatuterScreenViewController.m */,
				C3CF96341B7A4B9200268AFA /* sorryCatuterScreenViewController.xib */,
			);
			name = SorryCaptureScreen;
			sourceTree = "<group>";
		};
		C3CF96371B7A4D1400268AFA /* sorryCaptureSignature */ = {
			isa = PBXGroup;
			children = (
				C3CF96381B7A4D3C00268AFA /* sorryCaptureSignatureViewController.h */,
				C3CF96391B7A4D3C00268AFA /* sorryCaptureSignatureViewController.m */,
				C3CF963A1B7A4D3C00268AFA /* sorryCaptureSignatureViewController.xib */,
			);
			name = sorryCaptureSignature;
			sourceTree = "<group>";
		};
		C3FE21371B7D09B3009499ED /* signProcessAfterLogOut */ = {
			isa = PBXGroup;
			children = (
				C3FE21381B7D09F8009499ED /* signProcessAfterLogOutViewController.h */,
				C3FE21391B7D09F8009499ED /* signProcessAfterLogOutViewController.m */,
				C3FE213A1B7D09F8009499ED /* signProcessAfterLogOutViewController.xib */,
			);
			name = signProcessAfterLogOut;
			sourceTree = "<group>";
		};
		C3FE213D1B7D0CB5009499ED /* UsersCompanyAlert */ = {
			isa = PBXGroup;
			children = (
				C3FE21431B7D0E38009499ED /* customCellUCA */,
				C3FE213E1B7D0CDF009499ED /* usersCompanyAlertsViewController.h */,
				C3FE213F1B7D0CDF009499ED /* usersCompanyAlertsViewController.m */,
				C3FE21401B7D0CDF009499ED /* usersCompanyAlertsViewController.xib */,
			);
			name = UsersCompanyAlert;
			sourceTree = "<group>";
		};
		C3FE21431B7D0E38009499ED /* customCellUCA */ = {
			isa = PBXGroup;
			children = (
				C3FE21441B7D0ED8009499ED /* customCellUCATableViewCell.h */,
				C3FE21451B7D0ED8009499ED /* customCellUCATableViewCell.m */,
				C3FE21461B7D0ED8009499ED /* customCellUCATableViewCell.xib */,
			);
			name = customCellUCA;
			sourceTree = "<group>";
		};
/* End PBXGroup section */

/* Begin PBXNativeTarget section */
		C3C40B131B73CB02006682E6 /* MicroHealth */ = {
			isa = PBXNativeTarget;
			buildConfigurationList = C3C40B371B73CB02006682E6 /* Build configuration list for PBXNativeTarget "MicroHealth" */;
			buildPhases = (
				C3C40B101B73CB02006682E6 /* Sources */,
				C3C40B111B73CB02006682E6 /* Frameworks */,
				C3C40B121B73CB02006682E6 /* Resources */,
			);
			buildRules = (
			);
			dependencies = (
			);
			name = MicroHealth;
			productName = MicroHealth;
			productReference = C3C40B141B73CB02006682E6 /* MicroHealth.app */;
			productType = "com.apple.product-type.application";
		};
		C3C40B2C1B73CB02006682E6 /* MicroHealthTests */ = {
			isa = PBXNativeTarget;
			buildConfigurationList = C3C40B3A1B73CB02006682E6 /* Build configuration list for PBXNativeTarget "MicroHealthTests" */;
			buildPhases = (
				C3C40B291B73CB02006682E6 /* Sources */,
				C3C40B2A1B73CB02006682E6 /* Frameworks */,
				C3C40B2B1B73CB02006682E6 /* Resources */,
			);
			buildRules = (
			);
			dependencies = (
				C3C40B2F1B73CB02006682E6 /* PBXTargetDependency */,
			);
			name = MicroHealthTests;
			productName = MicroHealthTests;
			productReference = C3C40B2D1B73CB02006682E6 /* MicroHealthTests.xctest */;
			productType = "com.apple.product-type.bundle.unit-test";
		};
/* End PBXNativeTarget section */

/* Begin PBXProject section */
		C3C40B0C1B73CB02006682E6 /* Project object */ = {
			isa = PBXProject;
			attributes = {
				LastUpgradeCheck = 0610;
				ORGANIZATIONNAME = Administrator;
				TargetAttributes = {
					C3C40B131B73CB02006682E6 = {
						CreatedOnToolsVersion = 6.1;
					};
					C3C40B2C1B73CB02006682E6 = {
						CreatedOnToolsVersion = 6.1;
						TestTargetID = C3C40B131B73CB02006682E6;
					};
				};
			};
			buildConfigurationList = C3C40B0F1B73CB02006682E6 /* Build configuration list for PBXProject "MicroHealth" */;
			compatibilityVersion = "Xcode 3.2";
			developmentRegion = English;
			hasScannedForEncodings = 0;
			knownRegions = (
				en,
				Base,
			);
			mainGroup = C3C40B0B1B73CB02006682E6;
			productRefGroup = C3C40B151B73CB02006682E6 /* Products */;
			projectDirPath = "";
			projectRoot = "";
			targets = (
				C3C40B131B73CB02006682E6 /* MicroHealth */,
				C3C40B2C1B73CB02006682E6 /* MicroHealthTests */,
			);
		};
/* End PBXProject section */

/* Begin PBXResourcesBuildPhase section */
		C3C40B121B73CB02006682E6 /* Resources */ = {
			isa = PBXResourcesBuildPhase;
			buildActionMask = 2147483647;
			files = (
				C3B1E41F1B779AFC007D5048 /* forgotPasswordViewController.xib in Resources */,
				C3B279181B91DAC800F29F3C /* RegisterViewController_ipad.xib in Resources */,
				C3CF96301B7A47D900268AFA /* signatureScreenViewController.xib in Resources */,
				C3B279141B91CD5D00F29F3C /* confirmationSignViewController_ipad.xib in Resources */,
				C3FE21421B7D0CDF009499ED /* usersCompanyAlertsViewController.xib in Resources */,
				C3C40B231B73CB02006682E6 /* Main.storyboard in Resources */,
				C3B279161B91D83C00F29F3C /* thankYouScreenViewController_ipad.xib in Resources */,
				C3B278F01B91C36900F29F3C /* welcomeScreenViewController_ipad.xib in Resources */,
				C3146F231B77587200C850AD /* 12-slide-8.png in Resources */,
				C3C40B281B73CB02006682E6 /* LaunchScreen.xib in Resources */,
				C3B279101B91C88E00F29F3C /* 15-Slide-11-setup-and-reports_iPad.png in Resources */,
				C3B279091B91C88E00F29F3C /* 8-slide-4_iPad.png in Resources */,
				C3146F181B77587200C850AD /* 1-Splash.png in Resources */,
				C3B2790B1B91C88E00F29F3C /* 10-slide-6_iPad.png in Resources */,
				C3B2791A1B9206FA00F29F3C /* clientDetailViewController_iPad.xib in Resources */,
				C3CF96361B7A4B9200268AFA /* sorryCatuterScreenViewController.xib in Resources */,
				C3B279111B91C88E00F29F3C /* 16-Slide-12-setup_iPad.png in Resources */,
				C3146F281B77587200C850AD /* 17-Slide-13-reports.png in Resources */,
				C3C4151C1B7BBECC00DCDACB /* thankYouScreenViewController.xib in Resources */,
				C3B2790D1B91C88E00F29F3C /* 12-slide-8_iPad.png in Resources */,
				C3CEE0771B7F43B7008BADE9 /* GooglePlus.bundle in Resources */,
				C3B1D3EE1B790EF600E41314 /* confirmationSignViewController.xib in Resources */,
				C3C415221B7BC86A00DCDACB /* lastSignOutViewController.xib in Resources */,
				C3146F211B77587200C850AD /* 10-slide-6.png in Resources */,
				C3146F1D1B77587200C850AD /* 6-slide-2.png in Resources */,
				C3B279071B91C88E00F29F3C /* 6-slide-2._iPad.png in Resources */,
				C3B1E4251B77A536007D5048 /* welcomeScreenViewController.xib in Resources */,
				C3B279121B91C88E00F29F3C /* 17-Slide-13-reports_iPad.png in Resources */,
				C3146F1A1B77587200C850AD /* 3-create-account.png in Resources */,
				C3146F201B77587200C850AD /* 9-slide-5.png in Resources */,
				C3FE213C1B7D09F8009499ED /* signProcessAfterLogOutViewController.xib in Resources */,
				C3B2790C1B91C88E00F29F3C /* 11-slide-7_iPad.png in Resources */,
				C3B279021B91C88E00F29F3C /* 1-Splash_iPad.png in Resources */,
				C3146F1E1B77587200C850AD /* 7-slide-3.png in Resources */,
				C3146F1B1B77587200C850AD /* 4-Forget-password.png in Resources */,
				C3CF963C1B7A4D3C00268AFA /* sorryCaptureSignatureViewController.xib in Resources */,
				C3146F1C1B77587200C850AD /* 5-slide-1.png in Resources */,
				C3B279061B91C88E00F29F3C /* 5-slide-1_iPad.png in Resources */,
				C3B279081B91C88E00F29F3C /* 7-slide-3_iPad.png in Resources */,
				C3146F251B77587200C850AD /* 14-Slide-3-Missed-sign-in.png in Resources */,
				C3146F241B77587200C850AD /* 13-Slide-8-complete.png in Resources */,
				C3B2790A1B91C88E00F29F3C /* 9-slide-5_iPad.png in Resources */,
				C3B2790F1B91C88E00F29F3C /* 14-Slide-3-Missed-sign-in_iPad.png in Resources */,
				C3146F061B77507D00C850AD /* RegisterViewController.xib in Resources */,
				C3C40B411B73CB62006682E6 /* LoginscreenViewController.xib in Resources */,
				C3B1D3F41B7913DB00E41314 /* clientDetailViewController.xib in Resources */,
				C3FE21481B7D0ED8009499ED /* customCellUCATableViewCell.xib in Resources */,
				C3B279041B91C88E00F29F3C /* 3-create-account_iPad.png in Resources */,
				C3146F261B77587200C850AD /* 15-Slide-11-setup-and-reports.png in Resources */,
				C3C40B251B73CB02006682E6 /* Images.xcassets in Resources */,
				C3146F1F1B77587200C850AD /* 8-slide-4.png in Resources */,
				C3146F191B77587200C850AD /* 2-Login.png in Resources */,
				C3146F221B77587200C850AD /* 11-slide-7.png in Resources */,
				C3B2790E1B91C88E00F29F3C /* 13-Slide-8-complete_iPad.png in Resources */,
				C3409C331B753CD30070FA83 /* LoginscreenViewController_ipad.xib in Resources */,
				C3146F271B77587200C850AD /* 16-Slide-12-setup.png in Resources */,
				C3B279051B91C88E00F29F3C /* 4-Forget-password_iPad.png in Resources */,
				C3B279031B91C88E00F29F3C /* 2-Login_iPad.png in Resources */,
			);
			runOnlyForDeploymentPostprocessing = 0;
		};
		C3C40B2B1B73CB02006682E6 /* Resources */ = {
			isa = PBXResourcesBuildPhase;
			buildActionMask = 2147483647;
			files = (
			);
			runOnlyForDeploymentPostprocessing = 0;
		};
/* End PBXResourcesBuildPhase section */

/* Begin PBXSourcesBuildPhase section */
		C3C40B101B73CB02006682E6 /* Sources */ = {
			isa = PBXSourcesBuildPhase;
			buildActionMask = 2147483647;
			files = (
				C3CF963B1B7A4D3C00268AFA /* sorryCaptureSignatureViewController.m in Sources */,
				C3B1D3ED1B790EF600E41314 /* confirmationSignViewController.m in Sources */,
				C3146F051B77507D00C850AD /* RegisterViewController.m in Sources */,
				C3CF962A1B7A39B400268AFA /* RMDateSelectionViewController.m in Sources */,
				C3CF962F1B7A47D900268AFA /* signatureScreenViewController.m in Sources */,
				C3B1D3F31B7913DB00E41314 /* clientDetailViewController.m in Sources */,
				C3C40B201B73CB02006682E6 /* ViewController.m in Sources */,
				C3B1E4241B77A536007D5048 /* welcomeScreenViewController.m in Sources */,
				C3B1E41E1B779AFC007D5048 /* forgotPasswordViewController.m in Sources */,
				C3C4151B1B7BBECC00DCDACB /* thankYouScreenViewController.m in Sources */,
				C3FE21471B7D0ED8009499ED /* customCellUCATableViewCell.m in Sources */,
				C3C40B1D1B73CB02006682E6 /* AppDelegate.m in Sources */,
				C3FE21411B7D0CDF009499ED /* usersCompanyAlertsViewController.m in Sources */,
				C3C40B401B73CB62006682E6 /* LoginscreenViewController.m in Sources */,
				C3FE213B1B7D09F8009499ED /* signProcessAfterLogOutViewController.m in Sources */,
				C3C40B1A1B73CB02006682E6 /* main.m in Sources */,
				C3CF96351B7A4B9200268AFA /* sorryCatuterScreenViewController.m in Sources */,
				C3C415211B7BC86A00DCDACB /* lastSignOutViewController.m in Sources */,
			);
			runOnlyForDeploymentPostprocessing = 0;
		};
		C3C40B291B73CB02006682E6 /* Sources */ = {
			isa = PBXSourcesBuildPhase;
			buildActionMask = 2147483647;
			files = (
				C3C40B341B73CB02006682E6 /* MicroHealthTests.m in Sources */,
			);
			runOnlyForDeploymentPostprocessing = 0;
		};
/* End PBXSourcesBuildPhase section */

/* Begin PBXTargetDependency section */
		C3C40B2F1B73CB02006682E6 /* PBXTargetDependency */ = {
			isa = PBXTargetDependency;
			target = C3C40B131B73CB02006682E6 /* MicroHealth */;
			targetProxy = C3C40B2E1B73CB02006682E6 /* PBXContainerItemProxy */;
		};
/* End PBXTargetDependency section */

/* Begin PBXVariantGroup section */
		C3C40B211B73CB02006682E6 /* Main.storyboard */ = {
			isa = PBXVariantGroup;
			children = (
				C3C40B221B73CB02006682E6 /* Base */,
			);
			name = Main.storyboard;
			sourceTree = "<group>";
		};
		C3C40B261B73CB02006682E6 /* LaunchScreen.xib */ = {
			isa = PBXVariantGroup;
			children = (
				C3C40B271B73CB02006682E6 /* Base */,
			);
			name = LaunchScreen.xib;
			sourceTree = "<group>";
		};
/* End PBXVariantGroup section */

/* Begin XCBuildConfiguration section */
		C3C40B351B73CB02006682E6 /* Debug */ = {
			isa = XCBuildConfiguration;
			buildSettings = {
				ALWAYS_SEARCH_USER_PATHS = NO;
				CLANG_CXX_LANGUAGE_STANDARD = "gnu++0x";
				CLANG_CXX_LIBRARY = "libc++";
				CLANG_ENABLE_MODULES = YES;
				CLANG_ENABLE_OBJC_ARC = YES;
				CLANG_WARN_BOOL_CONVERSION = YES;
				CLANG_WARN_CONSTANT_CONVERSION = YES;
				CLANG_WARN_DIRECT_OBJC_ISA_USAGE = YES_ERROR;
				CLANG_WARN_EMPTY_BODY = YES;
				CLANG_WARN_ENUM_CONVERSION = YES;
				CLANG_WARN_INT_CONVERSION = YES;
				CLANG_WARN_OBJC_ROOT_CLASS = YES_ERROR;
				CLANG_WARN_UNREACHABLE_CODE = YES;
				CLANG_WARN__DUPLICATE_METHOD_MATCH = YES;
				CODE_SIGN_IDENTITY = "iPhone Distribution: Netsmartz LLC";
				"CODE_SIGN_IDENTITY[sdk=iphoneos*]" = "iPhone Distribution: Netsmartz LLC";
				COPY_PHASE_STRIP = NO;
				ENABLE_STRICT_OBJC_MSGSEND = YES;
				GCC_C_LANGUAGE_STANDARD = gnu99;
				GCC_DYNAMIC_NO_PIC = NO;
				GCC_OPTIMIZATION_LEVEL = 0;
				GCC_PREPROCESSOR_DEFINITIONS = (
					"DEBUG=1",
					"$(inherited)",
				);
				GCC_SYMBOLS_PRIVATE_EXTERN = NO;
				GCC_WARN_64_TO_32_BIT_CONVERSION = YES;
				GCC_WARN_ABOUT_RETURN_TYPE = YES_ERROR;
				GCC_WARN_UNDECLARED_SELECTOR = YES;
				GCC_WARN_UNINITIALIZED_AUTOS = YES_AGGRESSIVE;
				GCC_WARN_UNUSED_FUNCTION = YES;
				GCC_WARN_UNUSED_VARIABLE = YES;
				IPHONEOS_DEPLOYMENT_TARGET = 8.1;
				MTL_ENABLE_DEBUG_INFO = YES;
				ONLY_ACTIVE_ARCH = YES;
				PROVISIONING_PROFILE = "d15cae21-50ad-45e6-9f70-5e3ce97e2594";
				SDKROOT = iphoneos;
				TARGETED_DEVICE_FAMILY = "1,2";
			};
			name = Debug;
		};
		C3C40B361B73CB02006682E6 /* Release */ = {
			isa = XCBuildConfiguration;
			buildSettings = {
				ALWAYS_SEARCH_USER_PATHS = NO;
				CLANG_CXX_LANGUAGE_STANDARD = "gnu++0x";
				CLANG_CXX_LIBRARY = "libc++";
				CLANG_ENABLE_MODULES = YES;
				CLANG_ENABLE_OBJC_ARC = YES;
				CLANG_WARN_BOOL_CONVERSION = YES;
				CLANG_WARN_CONSTANT_CONVERSION = YES;
				CLANG_WARN_DIRECT_OBJC_ISA_USAGE = YES_ERROR;
				CLANG_WARN_EMPTY_BODY = YES;
				CLANG_WARN_ENUM_CONVERSION = YES;
				CLANG_WARN_INT_CONVERSION = YES;
				CLANG_WARN_OBJC_ROOT_CLASS = YES_ERROR;
				CLANG_WARN_UNREACHABLE_CODE = YES;
				CLANG_WARN__DUPLICATE_METHOD_MATCH = YES;
				CODE_SIGN_IDENTITY = "iPhone Distribution: Netsmartz LLC";
				"CODE_SIGN_IDENTITY[sdk=iphoneos*]" = "iPhone Distribution: Netsmartz LLC";
				COPY_PHASE_STRIP = YES;
				ENABLE_NS_ASSERTIONS = NO;
				ENABLE_STRICT_OBJC_MSGSEND = YES;
				GCC_C_LANGUAGE_STANDARD = gnu99;
				GCC_WARN_64_TO_32_BIT_CONVERSION = YES;
				GCC_WARN_ABOUT_RETURN_TYPE = YES_ERROR;
				GCC_WARN_UNDECLARED_SELECTOR = YES;
				GCC_WARN_UNINITIALIZED_AUTOS = YES_AGGRESSIVE;
				GCC_WARN_UNUSED_FUNCTION = YES;
				GCC_WARN_UNUSED_VARIABLE = YES;
				IPHONEOS_DEPLOYMENT_TARGET = 8.1;
				MTL_ENABLE_DEBUG_INFO = NO;
				PROVISIONING_PROFILE = "d15cae21-50ad-45e6-9f70-5e3ce97e2594";
				SDKROOT = iphoneos;
				TARGETED_DEVICE_FAMILY = "1,2";
				VALIDATE_PRODUCT = YES;
			};
			name = Release;
		};
		C3C40B381B73CB02006682E6 /* Debug */ = {
			isa = XCBuildConfiguration;
			buildSettings = {
				ASSETCATALOG_COMPILER_APPICON_NAME = AppIcon;
				CODE_SIGN_IDENTITY = "iPhone Distribution: Netsmartz LLC";
				FRAMEWORK_SEARCH_PATHS = (
					"$(inherited)",
					"/Users/administrator/Documents/FacebookSDKs-iOS-20150813",
					"$(PROJECT_DIR)",
				);
				GCC_PREFIX_HEADER = MicroHealth/MicroHealth.pch;
				INFOPLIST_FILE = MicroHealth/Info.plist;
				IPHONEOS_DEPLOYMENT_TARGET = 8.1;
				LD_RUNPATH_SEARCH_PATHS = "$(inherited) @executable_path/Frameworks";
				PRODUCT_NAME = "$(TARGET_NAME)";
				PROVISIONING_PROFILE = "d15cae21-50ad-45e6-9f70-5e3ce97e2594";
				TARGETED_DEVICE_FAMILY = "1,2";
			};
			name = Debug;
		};
		C3C40B391B73CB02006682E6 /* Release */ = {
			isa = XCBuildConfiguration;
			buildSettings = {
				ASSETCATALOG_COMPILER_APPICON_NAME = AppIcon;
				CODE_SIGN_IDENTITY = "iPhone Distribution: Netsmartz LLC";
				FRAMEWORK_SEARCH_PATHS = (
					"$(inherited)",
					"/Users/administrator/Documents/FacebookSDKs-iOS-20150813",
					"$(PROJECT_DIR)",
				);
				GCC_PREFIX_HEADER = MicroHealth/MicroHealth.pch;
				INFOPLIST_FILE = MicroHealth/Info.plist;
				IPHONEOS_DEPLOYMENT_TARGET = 8.1;
				LD_RUNPATH_SEARCH_PATHS = "$(inherited) @executable_path/Frameworks";
				PRODUCT_NAME = "$(TARGET_NAME)";
				PROVISIONING_PROFILE = "d15cae21-50ad-45e6-9f70-5e3ce97e2594";
				TARGETED_DEVICE_FAMILY = "1,2";
			};
			name = Release;
		};
		C3C40B3B1B73CB02006682E6 /* Debug */ = {
			isa = XCBuildConfiguration;
			buildSettings = {
				BUNDLE_LOADER = "$(TEST_HOST)";
				FRAMEWORK_SEARCH_PATHS = (
					"$(SDKROOT)/Developer/Library/Frameworks",
					"$(inherited)",
				);
				GCC_PREPROCESSOR_DEFINITIONS = (
					"DEBUG=1",
					"$(inherited)",
				);
				INFOPLIST_FILE = MicroHealthTests/Info.plist;
				LD_RUNPATH_SEARCH_PATHS = "$(inherited) @executable_path/Frameworks @loader_path/Frameworks";
				PRODUCT_NAME = "$(TARGET_NAME)";
				TEST_HOST = "$(BUILT_PRODUCTS_DIR)/MicroHealth.app/MicroHealth";
			};
			name = Debug;
		};
		C3C40B3C1B73CB02006682E6 /* Release */ = {
			isa = XCBuildConfiguration;
			buildSettings = {
				BUNDLE_LOADER = "$(TEST_HOST)";
				FRAMEWORK_SEARCH_PATHS = (
					"$(SDKROOT)/Developer/Library/Frameworks",
					"$(inherited)",
				);
				INFOPLIST_FILE = MicroHealthTests/Info.plist;
				LD_RUNPATH_SEARCH_PATHS = "$(inherited) @executable_path/Frameworks @loader_path/Frameworks";
				PRODUCT_NAME = "$(TARGET_NAME)";
				TEST_HOST = "$(BUILT_PRODUCTS_DIR)/MicroHealth.app/MicroHealth";
			};
			name = Release;
		};
/* End XCBuildConfiguration section */

/* Begin XCConfigurationList section */
		C3C40B0F1B73CB02006682E6 /* Build configuration list for PBXProject "MicroHealth" */ = {
			isa = XCConfigurationList;
			buildConfigurations = (
				C3C40B351B73CB02006682E6 /* Debug */,
				C3C40B361B73CB02006682E6 /* Release */,
			);
			defaultConfigurationIsVisible = 0;
			defaultConfigurationName = Release;
		};
		C3C40B371B73CB02006682E6 /* Build configuration list for PBXNativeTarget "MicroHealth" */ = {
			isa = XCConfigurationList;
			buildConfigurations = (
				C3C40B381B73CB02006682E6 /* Debug */,
				C3C40B391B73CB02006682E6 /* Release */,
			);
			defaultConfigurationIsVisible = 0;
			defaultConfigurationName = Release;
		};
		C3C40B3A1B73CB02006682E6 /* Build configuration list for PBXNativeTarget "MicroHealthTests" */ = {
			isa = XCConfigurationList;
			buildConfigurations = (
				C3C40B3B1B73CB02006682E6 /* Debug */,
				C3C40B3C1B73CB02006682E6 /* Release */,
			);
			defaultConfigurationIsVisible = 0;
			defaultConfigurationName = Release;
		};
/* End XCConfigurationList section */
	};
	rootObject = C3C40B0C1B73CB02006682E6 /* Project object */;
}
